
Microsoft Visual Studio Solution File, Format Version 12.00
# Visual Studio Version 17
VisualStudioVersion = 17.9.34902.65
MinimumVisualStudioVersion = 10.0.40219.1
Project("{9A19103F-16F7-4668-BE54-9A1E7A4F7556}") = "ZamazorWeb", "ZamazorWeb\ZamazorWeb.csproj", "{DE8FEE18-3E85-4AA0-A1F7-A539456A46F3}"
EndProject
Project("{9A19103F-16F7-4668-BE54-9A1E7A4F7556}") = "ZamazorWebRazor_Temp", "ZamazorWebRazor_Temp\ZamazorWebRazor_Temp.csproj", "{15599DFB-17F6-452D-A078-24E46F24F9E8}"
EndProject
Global
	GlobalSection(SolutionConfigurationPlatforms) = preSolution
		Debug|Any CPU = Debug|Any CPU
		Release|Any CPU = Release|Any CPU
	EndGlobalSection
	GlobalSection(ProjectConfigurationPlatforms) = postSolution
		{DE8FEE18-3E85-4AA0-A1F7-A539456A46F3}.Debug|Any CPU.ActiveCfg = Debug|Any CPU
		{DE8FEE18-3E85-4AA0-A1F7-A539456A46F3}.Debug|Any CPU.Build.0 = Debug|Any CPU
		{DE8FEE18-3E85-4AA0-A1F7-A539456A46F3}.Release|Any CPU.ActiveCfg = Release|Any CPU
		{DE8FEE18-3E85-4AA0-A1F7-A539456A46F3}.Release|Any CPU.Build.0 = Release|Any CPU
		{15599DFB-17F6-452D-A078-24E46F24F9E8}.Debug|Any CPU.ActiveCfg = Debug|Any CPU
		{15599DFB-17F6-452D-A078-24E46F24F9E8}.Debug|Any CPU.Build.0 = Debug|Any CPU
		{15599DFB-17F6-452D-A078-24E46F24F9E8}.Release|Any CPU.ActiveCfg = Release|Any CPU
		{15599DFB-17F6-452D-A078-24E46F24F9E8}.Release|Any CPU.Build.0 = Release|Any CPU
	EndGlobalSection
	GlobalSection(SolutionProperties) = preSolution
		HideSolutionNode = FALSE
	EndGlobalSection
	GlobalSection(ExtensibilityGlobals) = postSolution
		SolutionGuid = {E0E97FA9-0942-4CC5-9E07-B0974755FF6C}
	EndGlobalSection
EndGlobal
